
Microsoft Visual Studio Solution File, Format Version 12.00
# Visual Studio Version 16
VisualStudioVersion = 16.0.31911.196
MinimumVisualStudioVersion = 10.0.40219.1
Project("{FAE04EC0-301F-11D3-BF4B-00C04F79EFBC}") = "Entidades.CampeonatoAjedrez", "Entidades.CampeonatoAjedrez\Entidades.CampeonatoAjedrez.csproj", "{A58CF1D7-551A-47FB-9A84-2FD071CD963B}"
EndProject
Project("{FAE04EC0-301F-11D3-BF4B-00C04F79EFBC}") = "Presentacion.CampeonatoAjedrez", "Presentacion.CampeonatoAjedrez\Presentacion.CampeonatoAjedrez.csproj", "{DD650E9D-86A2-401C-8E03-1994E678BF09}"
EndProject
Global
	GlobalSection(SolutionConfigurationPlatforms) = preSolution
		Debug|Any CPU = Debug|Any CPU
		Release|Any CPU = Release|Any CPU
	EndGlobalSection
	GlobalSection(ProjectConfigurationPlatforms) = postSolution
		{A58CF1D7-551A-47FB-9A84-2FD071CD963B}.Debug|Any CPU.ActiveCfg = Debug|Any CPU
		{A58CF1D7-551A-47FB-9A84-2FD071CD963B}.Debug|Any CPU.Build.0 = Debug|Any CPU
		{A58CF1D7-551A-47FB-9A84-2FD071CD963B}.Release|Any CPU.ActiveCfg = Release|Any CPU
		{A58CF1D7-551A-47FB-9A84-2FD071CD963B}.Release|Any CPU.Build.0 = Release|Any CPU
		{DD650E9D-86A2-401C-8E03-1994E678BF09}.Debug|Any CPU.ActiveCfg = Debug|Any CPU
		{DD650E9D-86A2-401C-8E03-1994E678BF09}.Debug|Any CPU.Build.0 = Debug|Any CPU
		{DD650E9D-86A2-401C-8E03-1994E678BF09}.Release|Any CPU.ActiveCfg = Release|Any CPU
		{DD650E9D-86A2-401C-8E03-1994E678BF09}.Release|Any CPU.Build.0 = Release|Any CPU
	EndGlobalSection
	GlobalSection(SolutionProperties) = preSolution
		HideSolutionNode = FALSE
	EndGlobalSection
	GlobalSection(ExtensibilityGlobals) = postSolution
		SolutionGuid = {0D37557D-92FE-4603-8ED2-54AFFD17555E}
	EndGlobalSection
EndGlobal
